<Solution>
  <Folder Name="/src/" />
  <Folder Name="/src/Services/">
    <Project Path="src/Services/MyApp.Api/MyApp.Api.csproj" />
  </Folder>
  <Folder Name="/src/Shared/">
    <Project Path="src/Shared/Mediator/Mediator.csproj" />
  </Folder>
  <Folder Name="/src/Shared/Application/">
    <Project Path="src/Shared/Application/Shared.Application.csproj" />
  </Folder>
  <Folder Name="/src/Shared/Common/">
    <Project Path="src/Shared/Common/Shared.Common.csproj" />
  </Folder>
  <Folder Name="/tests/">
    <Project Path="tests/MyApp.Tests.Integration/MyApp.Tests.Integration.csproj" />
    <Project Path="tests/MyApp.Tests.Unit/MyApp.Tests.Unit.csproj" />
  </Folder>
</Solution>
