<Solution>
  <Folder Name="/src/" />
  <Folder Name="/src/Services/">
    <Project Path="src/Services/MyApp.Api/MyApp.Api.csproj" />
  </Folder>
  <Folder Name="/src/Shared/">
    <Project Path="src/Shared/Mediator/Mediator.csproj" />
  </Folder>
  <Folder Name="/tests/">
    <Project Path="tests/MyApp.Tests.Integration/MyApp.Tests.Integration.csproj" />
  </Folder>
</Solution>
